# @generated - this file is auto-generated by `mise lock` https://mise.en.dev/dev-tools/mise-lock.html

[[tools."aqua:cargo-bins/cargo-binstall"]]
version = "1.21.0"
backend = "aqua:cargo-bins/cargo-binstall"

[tools."aqua:cargo-bins/cargo-binstall"."platforms.linux-arm64"]
checksum = "sha256:31f0564854bd031f20c9abfe33312ea630e6a06a2f6d6309b54b5649608f55be"
url = "https://github.com/cargo-bins/cargo-binstall/releases/download/v1.21.0/cargo-binstall-aarch64-unknown-linux-musl.tgz"
provenance = "github-attestations"

[tools."aqua:cargo-bins/cargo-binstall"."platforms.linux-x64"]
checksum = "sha256:b1880b3631d1ff0fd1f286a0d20f82f373355651f9fbd7f4d0d7fbfe218bf562"
url = "https://github.com/cargo-bins/cargo-binstall/releases/download/v1.21.0/cargo-binstall-x86_64-unknown-linux-musl.tgz"
provenance = "github-attestations"

[tools."aqua:cargo-bins/cargo-binstall"."platforms.macos-arm64"]
checksum = "sha256:e44737132b2d0543e72a6f128307ebbf204b171f57b2ea9db55b8bbe54b6b632"
url = "https://github.com/cargo-bins/cargo-binstall/releases/download/v1.21.0/cargo-binstall-aarch64-apple-darwin.zip"
provenance = "github-attestations"

[tools."aqua:cargo-bins/cargo-binstall"."platforms.macos-x64"]
checksum = "sha256:ad7cd72d8074ef613ab392cae291c7c8bcc25a4f6690e726ed665ded8640871e"
url = "https://github.com/cargo-bins/cargo-binstall/releases/download/v1.21.0/cargo-binstall-x86_64-apple-darwin.zip"
provenance = "github-attestations"

[[tools."aqua:rust-lang/rustup"]]
version = "1.28.2"
backend = "aqua:rust-lang/rustup"

[tools."aqua:rust-lang/rustup"."platforms.linux-arm64"]
checksum = "sha256:e3853c5a252fca15252d07cb23a1bdd9377a8c6f3efa01531109281ae47f841c"
url = "https://static.rust-lang.org/rustup/archive/1.28.2/aarch64-unknown-linux-gnu/rustup-init"

[tools."aqua:rust-lang/rustup"."platforms.linux-x64"]
checksum = "sha256:20a06e644b0d9bd2fbdbfd52d42540bdde820ea7df86e92e533c073da0cdd43c"
url = "https://static.rust-lang.org/rustup/archive/1.28.2/x86_64-unknown-linux-gnu/rustup-init"

[tools."aqua:rust-lang/rustup"."platforms.macos-arm64"]
checksum = "sha256:20ef5516c31b1ac2290084199ba77dbbcaa1406c45c1d978ca68558ef5964ef5"
url = "https://static.rust-lang.org/rustup/archive/1.28.2/aarch64-apple-darwin/rustup-init"

[tools."aqua:rust-lang/rustup"."platforms.macos-x64"]
checksum = "sha256:9c331076f62b4d0edeae63d9d1c9442d5fe39b37b05025ec8d41c5ed35486496"
url = "https://static.rust-lang.org/rustup/archive/1.28.2/x86_64-apple-darwin/rustup-init"

[[tools."cargo:cargo-nextest"]]
version = "0.9.140"
backend = "cargo:cargo-nextest"

[[tools.maturin]]
version = "1.14.1"
backend = "github:PyO3/maturin"

[tools.maturin."platforms.linux-arm64"]
checksum = "sha256:e91ef193e0f76beff9650f9079a026fe51ba8438a97747c196611098054f9387"
url = "https://github.com/PyO3/maturin/releases/download/v1.14.1/maturin-aarch64-unknown-linux-musl.tar.gz"
url_api = "https://api.github.com/repos/PyO3/maturin/releases/assets/451881386"
provenance = "github-attestations"

[tools.maturin."platforms.linux-x64"]
checksum = "sha256:9bdca7903c857e82453dec36adaf58405412129920f9e420e7185995dbeff179"
url = "https://github.com/PyO3/maturin/releases/download/v1.14.1/maturin-x86_64-unknown-linux-musl.tar.gz"
url_api = "https://api.github.com/repos/PyO3/maturin/releases/assets/451881381"
provenance = "github-attestations"

[tools.maturin."platforms.macos-arm64"]
checksum = "sha256:4b619dec2d5b40d589d050f44b494e8dc3e0291a417de8e2f81b99dc8870d599"
url = "https://github.com/PyO3/maturin/releases/download/v1.14.1/maturin-aarch64-apple-darwin.tar.gz"
url_api = "https://api.github.com/repos/PyO3/maturin/releases/assets/451881391"
provenance = "github-attestations"

[tools.maturin."platforms.macos-x64"]
checksum = "sha256:c7ced606524a7aaa1c9b38483d9941d76e838aba28cec70d8fcb47e44ee11d63"
url = "https://github.com/PyO3/maturin/releases/download/v1.14.1/maturin-x86_64-apple-darwin.tar.gz"
url_api = "https://api.github.com/repos/PyO3/maturin/releases/assets/451881379"
provenance = "github-attestations"

[[tools.ruff]]
version = "0.15.22"
backend = "aqua:astral-sh/ruff"

[tools.ruff."platforms.linux-arm64"]
checksum = "sha256:88feb2dc2fafb92482185201f4d483134fbaab10370c79512d3dd372f1d3f28b"
url = "https://github.com/astral-sh/ruff/releases/download/0.15.22/ruff-aarch64-unknown-linux-musl.tar.gz"
provenance = "github-attestations"

[tools.ruff."platforms.linux-x64"]
checksum = "sha256:853462df618fb9f156a9f04d9d899d9e5a9e1a43fbffaec72df4bb159348e71b"
url = "https://github.com/astral-sh/ruff/releases/download/0.15.22/ruff-x86_64-unknown-linux-musl.tar.gz"
provenance = "github-attestations"

[tools.ruff."platforms.macos-arm64"]
checksum = "sha256:a2881af26fd1d19f4932c4ddf1e70b4e0efcf48513c5dae082564e03f0b467a3"
url = "https://github.com/astral-sh/ruff/releases/download/0.15.22/ruff-aarch64-apple-darwin.tar.gz"
provenance = "github-attestations"

[tools.ruff."platforms.macos-x64"]
checksum = "sha256:687a9ceb88ab85dab061026d5017218225a481121b1a40862cc8f92b56f18090"
url = "https://github.com/astral-sh/ruff/releases/download/0.15.22/ruff-x86_64-apple-darwin.tar.gz"
provenance = "github-attestations"

[[tools.rust]]
version = "1.97.1"
backend = "core:rust"

[tools.rust.options]
components = "clippy,rustfmt"
targets = "aarch64-apple-darwin,x86_64-unknown-linux-gnu"

[[tools.shellcheck]]
version = "0.11.0"
backend = "aqua:koalaman/shellcheck"

[tools.shellcheck."platforms.linux-arm64"]
checksum = "sha256:12b331c1d2db6b9eb13cfca64306b1b157a86eb69db83023e261eaa7e7c14588"
url = "https://github.com/koalaman/shellcheck/releases/download/v0.11.0/shellcheck-v0.11.0.linux.aarch64.tar.xz"

[tools.shellcheck."platforms.linux-x64"]
checksum = "sha256:8c3be12b05d5c177a04c29e3c78ce89ac86f1595681cab149b65b97c4e227198"
url = "https://github.com/koalaman/shellcheck/releases/download/v0.11.0/shellcheck-v0.11.0.linux.x86_64.tar.xz"

[tools.shellcheck."platforms.macos-arm64"]
checksum = "sha256:56affdd8de5527894dca6dc3d7e0a99a873b0f004d7aabc30ae407d3f48b0a79"
url = "https://github.com/koalaman/shellcheck/releases/download/v0.11.0/shellcheck-v0.11.0.darwin.aarch64.tar.xz"

[tools.shellcheck."platforms.macos-x64"]
checksum = "sha256:3c89db4edcab7cf1c27bff178882e0f6f27f7afdf54e859fa041fca10febe4c6"
url = "https://github.com/koalaman/shellcheck/releases/download/v0.11.0/shellcheck-v0.11.0.darwin.x86_64.tar.xz"

[[tools.uv]]
version = "0.11.31"
backend = "aqua:astral-sh/uv"

[tools.uv."platforms.linux-arm64"]
checksum = "sha256:49cb5ffce40cc9c85355caa8104f7b61c40a8daac7334f4bc841cad1a7bb359e"
url = "https://github.com/astral-sh/uv/releases/download/0.11.31/uv-aarch64-unknown-linux-musl.tar.gz"
provenance = "github-attestations"

[tools.uv."platforms.linux-x64"]
checksum = "sha256:89048b7e30a6c459fa7e8f2e91cfdc413dc004dcbddc6c2af5e09df123e3246d"
url = "https://github.com/astral-sh/uv/releases/download/0.11.31/uv-x86_64-unknown-linux-musl.tar.gz"
provenance = "github-attestations"

[tools.uv."platforms.macos-arm64"]
checksum = "sha256:b2b93e82a6786f9c7cb89fd4ca0e859a147b292ae8f6f95784f9742f0efec39e"
url = "https://github.com/astral-sh/uv/releases/download/0.11.31/uv-aarch64-apple-darwin.tar.gz"
provenance = "github-attestations"

[tools.uv."platforms.macos-x64"]
checksum = "sha256:33ee6bd62b57fcd77a499deb54e4432dc1e1a2f3d34930ba987ad8b43f9c7bc7"
url = "https://github.com/astral-sh/uv/releases/download/0.11.31/uv-x86_64-apple-darwin.tar.gz"
provenance = "github-attestations"
