# @generated - this file is auto-generated by `mise lock` https://mise.en.dev/dev-tools/mise-lock.html

[[tools."aqua:cargo-bins/cargo-binstall"]]
version = "1.21.0"
backend = "aqua:cargo-bins/cargo-binstall"

[tools."aqua:cargo-bins/cargo-binstall"."platforms.linux-arm64"]
checksum = "sha256:31f0564854bd031f20c9abfe33312ea630e6a06a2f6d6309b54b5649608f55be"
url = "https://github.com/cargo-bins/cargo-binstall/releases/download/v1.21.0/cargo-binstall-aarch64-unknown-linux-musl.tgz"
url_api = "https://api.github.com/repos/cargo-bins/cargo-binstall/releases/assets/476613087"
provenance = "github-attestations"

[tools."aqua:cargo-bins/cargo-binstall"."platforms.linux-x64"]
checksum = "sha256:b1880b3631d1ff0fd1f286a0d20f82f373355651f9fbd7f4d0d7fbfe218bf562"
url = "https://github.com/cargo-bins/cargo-binstall/releases/download/v1.21.0/cargo-binstall-x86_64-unknown-linux-musl.tgz"
url_api = "https://api.github.com/repos/cargo-bins/cargo-binstall/releases/assets/476612736"
provenance = "github-attestations"

[tools."aqua:cargo-bins/cargo-binstall"."platforms.macos-arm64"]
checksum = "sha256:e44737132b2d0543e72a6f128307ebbf204b171f57b2ea9db55b8bbe54b6b632"
url = "https://github.com/cargo-bins/cargo-binstall/releases/download/v1.21.0/cargo-binstall-aarch64-apple-darwin.zip"
url_api = "https://api.github.com/repos/cargo-bins/cargo-binstall/releases/assets/476613286"
provenance = "github-attestations"

[tools."aqua:cargo-bins/cargo-binstall"."platforms.windows-x64"]
checksum = "sha256:f87cc2ca3a103664dab3eac521aa4e49ae72fa0b1e70fba837cd12932001629b"
url = "https://github.com/cargo-bins/cargo-binstall/releases/download/v1.21.0/cargo-binstall-x86_64-pc-windows-msvc.zip"
url_api = "https://api.github.com/repos/cargo-bins/cargo-binstall/releases/assets/476612813"
provenance = "github-attestations"

[[tools."aqua:rust-lang/rustup"]]
version = "1.28.2"
backend = "aqua:rust-lang/rustup"

[tools."aqua:rust-lang/rustup"."platforms.linux-arm64"]
checksum = "sha256:e3853c5a252fca15252d07cb23a1bdd9377a8c6f3efa01531109281ae47f841c"
url = "https://static.rust-lang.org/rustup/archive/1.28.2/aarch64-unknown-linux-gnu/rustup-init"

[tools."aqua:rust-lang/rustup"."platforms.linux-x64"]
checksum = "sha256:20a06e644b0d9bd2fbdbfd52d42540bdde820ea7df86e92e533c073da0cdd43c"
url = "https://static.rust-lang.org/rustup/archive/1.28.2/x86_64-unknown-linux-gnu/rustup-init"

[tools."aqua:rust-lang/rustup"."platforms.macos-arm64"]
checksum = "sha256:20ef5516c31b1ac2290084199ba77dbbcaa1406c45c1d978ca68558ef5964ef5"
url = "https://static.rust-lang.org/rustup/archive/1.28.2/aarch64-apple-darwin/rustup-init"

[tools."aqua:rust-lang/rustup"."platforms.windows-x64"]
checksum = "sha256:88d8258dcf6ae4f7a80c7d1088e1f36fa7025a1cfd1343731b4ee6f385121fc0"
url = "https://static.rust-lang.org/rustup/archive/1.28.2/x86_64-pc-windows-msvc/rustup-init.exe"

[[tools."cargo:cargo-nextest"]]
version = "0.9.140"
backend = "cargo:cargo-nextest"

[[tools.hk]]
version = "1.52.0"
backend = "aqua:jdx/hk"

[tools.hk."platforms.linux-arm64"]
checksum = "sha256:84504df54a3a945493eeb739d2fe6bf0eef392d74795eeb02eabadfee78a53f8"
url = "https://github.com/jdx/hk/releases/download/v1.52.0/hk-aarch64-unknown-linux-gnu.tar.gz"
url_api = "https://api.github.com/repos/jdx/hk/releases/assets/484573027"

[tools.hk."platforms.linux-x64"]
checksum = "sha256:d381ec061fda51d5765e7831757107e4c565f195b206feae6fdd298162ab8baa"
url = "https://github.com/jdx/hk/releases/download/v1.52.0/hk-x86_64-unknown-linux-gnu.tar.gz"
url_api = "https://api.github.com/repos/jdx/hk/releases/assets/484573049"

[tools.hk."platforms.macos-arm64"]
checksum = "sha256:a711ed6d6359ca3084c73e1025af4e9a158727297a8dbe308d6eab44bcad372c"
url = "https://github.com/jdx/hk/releases/download/v1.52.0/hk-aarch64-apple-darwin.tar.gz"
url_api = "https://api.github.com/repos/jdx/hk/releases/assets/484573025"

[tools.hk."platforms.windows-x64"]
checksum = "sha256:65017b2d4aaa7d01c6cc9aa339a1254aa4c72553701f4ed04b2e482e93f4550a"
url = "https://github.com/jdx/hk/releases/download/v1.52.0/hk-x86_64-pc-windows-msvc.zip"
url_api = "https://api.github.com/repos/jdx/hk/releases/assets/484573026"

[[tools.maturin]]
version = "1.14.1"
backend = "github:PyO3/maturin"

[tools.maturin."platforms.linux-arm64"]
checksum = "sha256:e91ef193e0f76beff9650f9079a026fe51ba8438a97747c196611098054f9387"
url = "https://github.com/PyO3/maturin/releases/download/v1.14.1/maturin-aarch64-unknown-linux-musl.tar.gz"
url_api = "https://api.github.com/repos/PyO3/maturin/releases/assets/451881386"
provenance = "github-attestations"

[tools.maturin."platforms.linux-x64"]
checksum = "sha256:9bdca7903c857e82453dec36adaf58405412129920f9e420e7185995dbeff179"
url = "https://github.com/PyO3/maturin/releases/download/v1.14.1/maturin-x86_64-unknown-linux-musl.tar.gz"
url_api = "https://api.github.com/repos/PyO3/maturin/releases/assets/451881381"
provenance = "github-attestations"

[tools.maturin."platforms.macos-arm64"]
checksum = "sha256:4b619dec2d5b40d589d050f44b494e8dc3e0291a417de8e2f81b99dc8870d599"
url = "https://github.com/PyO3/maturin/releases/download/v1.14.1/maturin-aarch64-apple-darwin.tar.gz"
url_api = "https://api.github.com/repos/PyO3/maturin/releases/assets/451881391"
provenance = "github-attestations"

[tools.maturin."platforms.windows-x64"]
checksum = "sha256:b560e7a2ac78fbd4486bb4ee4e16814265c7d77f3d2e75a244abdf43c1c0133a"
url = "https://github.com/PyO3/maturin/releases/download/v1.14.1/maturin-x86_64-pc-windows-msvc.zip"
url_api = "https://api.github.com/repos/PyO3/maturin/releases/assets/451881392"
provenance = "github-attestations"

[[tools.ruff]]
version = "0.15.22"
backend = "aqua:astral-sh/ruff"

[tools.ruff."platforms.linux-arm64"]
checksum = "sha256:88feb2dc2fafb92482185201f4d483134fbaab10370c79512d3dd372f1d3f28b"
url = "https://github.com/astral-sh/ruff/releases/download/0.15.22/ruff-aarch64-unknown-linux-musl.tar.gz"
url_api = "https://api.github.com/repos/astral-sh/ruff/releases/assets/479313917"
provenance = "github-attestations"

[tools.ruff."platforms.linux-x64"]
checksum = "sha256:853462df618fb9f156a9f04d9d899d9e5a9e1a43fbffaec72df4bb159348e71b"
url = "https://github.com/astral-sh/ruff/releases/download/0.15.22/ruff-x86_64-unknown-linux-musl.tar.gz"
url_api = "https://api.github.com/repos/astral-sh/ruff/releases/assets/479314045"
provenance = "github-attestations"

[tools.ruff."platforms.macos-arm64"]
checksum = "sha256:a2881af26fd1d19f4932c4ddf1e70b4e0efcf48513c5dae082564e03f0b467a3"
url = "https://github.com/astral-sh/ruff/releases/download/0.15.22/ruff-aarch64-apple-darwin.tar.gz"
url_api = "https://api.github.com/repos/astral-sh/ruff/releases/assets/479313898"
provenance = "github-attestations"

[tools.ruff."platforms.windows-x64"]
checksum = "sha256:6e5419593984941405e9add902e89c6ea4af87d97919ac5ef82e1bc4e43bbd8d"
url = "https://github.com/astral-sh/ruff/releases/download/0.15.22/ruff-x86_64-pc-windows-msvc.zip"
url_api = "https://api.github.com/repos/astral-sh/ruff/releases/assets/479314019"
provenance = "github-attestations"

[[tools.rust]]
version = "1.97.1"
backend = "core:rust"

[tools.rust.options]
components = "clippy,rustfmt"
targets = "aarch64-apple-darwin,x86_64-unknown-linux-gnu"

[[tools.shellcheck]]
version = "0.11.0"
backend = "aqua:koalaman/shellcheck"

[tools.shellcheck."platforms.linux-arm64"]
checksum = "sha256:12b331c1d2db6b9eb13cfca64306b1b157a86eb69db83023e261eaa7e7c14588"
url = "https://github.com/koalaman/shellcheck/releases/download/v0.11.0/shellcheck-v0.11.0.linux.aarch64.tar.xz"
url_api = "https://api.github.com/repos/koalaman/shellcheck/releases/assets/279056934"

[tools.shellcheck."platforms.linux-x64"]
checksum = "sha256:8c3be12b05d5c177a04c29e3c78ce89ac86f1595681cab149b65b97c4e227198"
url = "https://github.com/koalaman/shellcheck/releases/download/v0.11.0/shellcheck-v0.11.0.linux.x86_64.tar.xz"
url_api = "https://api.github.com/repos/koalaman/shellcheck/releases/assets/279056942"

[tools.shellcheck."platforms.macos-arm64"]
checksum = "sha256:56affdd8de5527894dca6dc3d7e0a99a873b0f004d7aabc30ae407d3f48b0a79"
url = "https://github.com/koalaman/shellcheck/releases/download/v0.11.0/shellcheck-v0.11.0.darwin.aarch64.tar.xz"
url_api = "https://api.github.com/repos/koalaman/shellcheck/releases/assets/279056932"

[tools.shellcheck."platforms.windows-x64"]
checksum = "sha256:8a4e35ab0b331c85d73567b12f2a444df187f483e5079ceffa6bda1faa2e740e"
url = "https://github.com/koalaman/shellcheck/releases/download/v0.11.0/shellcheck-v0.11.0.zip"
url_api = "https://api.github.com/repos/koalaman/shellcheck/releases/assets/279056944"

[[tools.uv]]
version = "0.11.31"
backend = "aqua:astral-sh/uv"

[tools.uv."platforms.linux-arm64"]
checksum = "sha256:49cb5ffce40cc9c85355caa8104f7b61c40a8daac7334f4bc841cad1a7bb359e"
url = "https://github.com/astral-sh/uv/releases/download/0.11.31/uv-aarch64-unknown-linux-musl.tar.gz"
url_api = "https://api.github.com/repos/astral-sh/uv/releases/assets/485371019"
provenance = "github-attestations"

[tools.uv."platforms.linux-x64"]
checksum = "sha256:89048b7e30a6c459fa7e8f2e91cfdc413dc004dcbddc6c2af5e09df123e3246d"
url = "https://github.com/astral-sh/uv/releases/download/0.11.31/uv-x86_64-unknown-linux-musl.tar.gz"
url_api = "https://api.github.com/repos/astral-sh/uv/releases/assets/485371115"
provenance = "github-attestations"

[tools.uv."platforms.macos-arm64"]
checksum = "sha256:b2b93e82a6786f9c7cb89fd4ca0e859a147b292ae8f6f95784f9742f0efec39e"
url = "https://github.com/astral-sh/uv/releases/download/0.11.31/uv-aarch64-apple-darwin.tar.gz"
url_api = "https://api.github.com/repos/astral-sh/uv/releases/assets/485371001"
provenance = "github-attestations"

[tools.uv."platforms.windows-x64"]
checksum = "sha256:410c2fd3126ff621c9450a21cfc200002c7540dc48d130069a8f619cdb0a811b"
url = "https://github.com/astral-sh/uv/releases/download/0.11.31/uv-x86_64-pc-windows-msvc.zip"
url_api = "https://api.github.com/repos/astral-sh/uv/releases/assets/485371099"
provenance = "github-attestations"
